{
  "name": "m-basic-ui",
  "version": "0.0.1",
  "lockfileVersion": 3,
  "requires": true,
  "packages": {
    "": {
      "name": "m-basic-ui",
      "version": "0.0.1",
      "dependencies": {
        "tslib": "^2.3.0"
      },
      "peerDependencies": {
        "@angular/common": "^15.1.0",
        "@angular/core": "^15.1.0",
        "@angular/router": "^15.2.9",
        "@coreui/angular": "~4.3.9",
        "@coreui/angular-chartjs": "~4.3.9",
        "@coreui/chartjs": "^3.1.2",
        "@coreui/coreui": "~4.2.6",
        "@coreui/icons": "^3.0.1",
        "@coreui/icons-angular": "~4.3.9",
        "@coreui/utils": "^1.3.1",
        "ngx-perfect-scrollbar": "^10.1.1"
      }
    },
    "node_modules/@angular/cdk": {
      "version": "15.2.9",
      "resolved": "https://registry.npmjs.org/@angular/cdk/-/cdk-15.2.9.tgz",
      "integrity": "sha512-koaM07N1AIQ5oHU27l0/FoQSSoYAwlAYwVZ4Di3bYrJsTBNCN2Xsby7wI8gZxdepMnV4Fe9si382BDBov+oO4Q==",
      "peer": true,
      "dependencies": {
        "tslib": "^2.3.0"
      },
      "optionalDependencies": {
        "parse5": "^7.1.2"
      },
      "peerDependencies": {
        "@angular/common": "^15.0.0 || ^16.0.0",
        "@angular/core": "^15.0.0 || ^16.0.0",
        "rxjs": "^6.5.3 || ^7.4.0"
      }
    },
    "node_modules/@angular/common": {
      "version": "15.2.10",
      "resolved": "https://registry.npmjs.org/@angular/common/-/common-15.2.10.tgz",
      "integrity": "sha512-jdBn3fctkqoNrJn9VLsUHpcCEhCxWSczdsR+BBbD6T0oLl6vMrAVNjPwfBejnlgfWN1KoRU9kgOYsMxa5apIWQ==",
      "peer": true,
      "dependencies": {
        "tslib": "^2.3.0"
      },
      "engines": {
        "node": "^14.20.0 || ^16.13.0 || >=18.10.0"
      },
      "peerDependencies": {
        "@angular/core": "15.2.10",
        "rxjs": "^6.5.3 || ^7.4.0"
      }
    },
    "node_modules/@angular/core": {
      "version": "15.2.10",
      "resolved": "https://registry.npmjs.org/@angular/core/-/core-15.2.10.tgz",
      "integrity": "sha512-meGGidnitQJGDxYd9/LrqYiVlId+vGaLoiLgJdKBz+o2ZO6OmXQGuNw2VBqf17/Cc0/UjzrOY7+kILNFKkk/WQ==",
      "peer": true,
      "dependencies": {
        "tslib": "^2.3.0"
      },
      "engines": {
        "node": "^14.20.0 || ^16.13.0 || >=18.10.0"
      },
      "peerDependencies": {
        "rxjs": "^6.5.3 || ^7.4.0",
        "zone.js": "~0.11.4 || ~0.12.0 || ~0.13.0"
      }
    },
    "node_modules/@angular/platform-browser": {
      "version": "15.2.10",
      "resolved": "https://registry.npmjs.org/@angular/platform-browser/-/platform-browser-15.2.10.tgz",
      "integrity": "sha512-9tbgVGSJqwfrOzT8aA/kWBLNhJSQ9gUg0CJxwFBSJm8VkBUJrszoBlDsnSvlxx8/W2ejNULKHFTXeUzq0O/+RQ==",
      "peer": true,
      "dependencies": {
        "tslib": "^2.3.0"
      },
      "engines": {
        "node": "^14.20.0 || ^16.13.0 || >=18.10.0"
      },
      "peerDependencies": {
        "@angular/animations": "15.2.10",
        "@angular/common": "15.2.10",
        "@angular/core": "15.2.10"
      },
      "peerDependenciesMeta": {
        "@angular/animations": {
          "optional": true
        }
      }
    },
    "node_modules/@angular/router": {
      "version": "15.2.10",
      "resolved": "https://registry.npmjs.org/@angular/router/-/router-15.2.10.tgz",
      "integrity": "sha512-LmuqEg0iIXSw7bli6HKJ19cbxP91v37GtRwbGKswyLihqzTgvjBYpvcfMnB5FRQ5LWkTwq5JclkX03dZw290Yg==",
      "peer": true,
      "dependencies": {
        "tslib": "^2.3.0"
      },
      "engines": {
        "node": "^14.20.0 || ^16.13.0 || >=18.10.0"
      },
      "peerDependencies": {
        "@angular/common": "15.2.10",
        "@angular/core": "15.2.10",
        "@angular/platform-browser": "15.2.10",
        "rxjs": "^6.5.3 || ^7.4.0"
      }
    },
    "node_modules/@coreui/angular": {
      "version": "4.3.17",
      "resolved": "https://registry.npmjs.org/@coreui/angular/-/angular-4.3.17.tgz",
      "integrity": "sha512-M4kBdUUgjkRnIELJU9oVL7DK2QL/w1Bh8fc/YyEVkgWkmt/PJPmpXG+dUaAOh53lcTK8xRVF7drT0aAenwRZFQ==",
      "peer": true,
      "dependencies": {
        "@popperjs/core": "~2.11.6",
        "tslib": "^2.3.0"
      },
      "peerDependencies": {
        "@angular/cdk": "^15.0.0",
        "@angular/common": "^15.0.0",
        "@angular/core": "^15.0.0",
        "@angular/router": "^15.0.0"
      }
    },
    "node_modules/@coreui/angular-chartjs": {
      "version": "4.3.17",
      "resolved": "https://registry.npmjs.org/@coreui/angular-chartjs/-/angular-chartjs-4.3.17.tgz",
      "integrity": "sha512-0HdOkZBgd0Jg61N1zeImqLRMFET3YNvhevwAhfm1zmu/gwd67PKuyfLdtje+xGBO/N/BAumZxdlMOnX/il4ItQ==",
      "peer": true,
      "dependencies": {
        "lodash-es": "^4.17.21",
        "tslib": "^2.3.0"
      },
      "peerDependencies": {
        "@angular/cdk": "^15.0.0",
        "@angular/common": "^15.0.0",
        "@angular/core": "^15.0.0",
        "@coreui/chartjs": "^3.0.0",
        "chart.js": "^3.9.1"
      }
    },
    "node_modules/@coreui/chartjs": {
      "version": "3.1.2",
      "resolved": "https://registry.npmjs.org/@coreui/chartjs/-/chartjs-3.1.2.tgz",
      "integrity": "sha512-d3MGk3KZNAt29VRKP/XYiGmT56KTqtuOhLEg5HNwb7P7ZmEgOJoHxFHVCVE4I36hfgQCjZZVknsuk2ZTfF/2fw==",
      "peer": true,
      "dependencies": {
        "@coreui/coreui": "^4.2.6",
        "chart.js": "^3.9.1"
      }
    },
    "node_modules/@coreui/coreui": {
      "version": "4.2.6",
      "resolved": "https://registry.npmjs.org/@coreui/coreui/-/coreui-4.2.6.tgz",
      "integrity": "sha512-h9j1BVnaDi9vSr1t0H8NL3hlDD4lU9kIdGLXn7g9k5iaFq5EDlRDcSBDer6lR2O4sIEl7W7YqTlevLxFC+1cIA==",
      "peer": true,
      "dependencies": {
        "postcss-combine-duplicated-selectors": "^10.0.3"
      },
      "peerDependencies": {
        "@popperjs/core": "^2.11.6"
      }
    },
    "node_modules/@coreui/icons": {
      "version": "3.0.1",
      "resolved": "https://registry.npmjs.org/@coreui/icons/-/icons-3.0.1.tgz",
      "integrity": "sha512-u9UKEcRMyY9pa4jUoLij8pAR03g5g6TLWV33/Mx2ix8sffyi0eO4fLV8DSTQljDCw938zt7KYog5cVKEAJUxxg==",
      "peer": true
    },
    "node_modules/@coreui/icons-angular": {
      "version": "4.3.17",
      "resolved": "https://registry.npmjs.org/@coreui/icons-angular/-/icons-angular-4.3.17.tgz",
      "integrity": "sha512-3ZffIm9w2R4ziG/HsNGYBQ8Xb7EATRsFTi4t5rbW+Wbp0C8xhIyN+sn7BrDTHWmsdvHwEr0/6dtJmDbOsdlYrQ==",
      "peer": true,
      "dependencies": {
        "tslib": "^2.3.0"
      },
      "peerDependencies": {
        "@angular/common": "^15.0.0",
        "@angular/core": "^15.0.0",
        "@coreui/icons": "^2.1.0 || ^3.0.0"
      }
    },
    "node_modules/@coreui/utils": {
      "version": "1.3.1",
      "resolved": "https://registry.npmjs.org/@coreui/utils/-/utils-1.3.1.tgz",
      "integrity": "sha512-WuWHX7bg89cJH34TWVsLe9RsxzBhTApj+X2Ja19xhjcpxt5Gv11Ozm+fwYt6DD7DgncTvpwYrMcnNlpp701UOg==",
      "peer": true,
      "engines": {
        "node": ">=8.9.0",
        "npm": ">= 5.6.0"
      }
    },
    "node_modules/@popperjs/core": {
      "version": "2.11.8",
      "resolved": "https://registry.npmjs.org/@popperjs/core/-/core-2.11.8.tgz",
      "integrity": "sha512-P1st0aksCrn9sGZhp8GMYwBnQsbvAWsZAX44oXNNvLHGqAOcoVxmjZiohstwQ7SqKnbR47akdNi+uleWD8+g6A==",
      "peer": true,
      "funding": {
        "type": "opencollective",
        "url": "https://opencollective.com/popperjs"
      }
    },
    "node_modules/chart.js": {
      "version": "3.9.1",
      "resolved": "https://registry.npmjs.org/chart.js/-/chart.js-3.9.1.tgz",
      "integrity": "sha512-Ro2JbLmvg83gXF5F4sniaQ+lTbSv18E+TIf2cOeiH1Iqd2PGFOtem+DUufMZsCJwFE7ywPOpfXFBwRTGq7dh6w==",
      "peer": true
    },
    "node_modules/cssesc": {
      "version": "3.0.0",
      "resolved": "https://registry.npmjs.org/cssesc/-/cssesc-3.0.0.tgz",
      "integrity": "sha512-/Tb/JcjK111nNScGob5MNtsntNM1aCNUDipB/TkwZFhyDrrE47SOx/18wF2bbjgc3ZzCSKW1T5nt5EbFoAz/Vg==",
      "peer": true,
      "bin": {
        "cssesc": "bin/cssesc"
      },
      "engines": {
        "node": ">=4"
      }
    },
    "node_modules/entities": {
      "version": "4.5.0",
      "resolved": "https://registry.npmjs.org/entities/-/entities-4.5.0.tgz",
      "integrity": "sha512-V0hjH4dGPh9Ao5p0MoRY6BVqtwCjhz6vI5LT8AJ55H+4g9/4vbHx1I54fS0XuclLhDHArPQCiMjDxjaL8fPxhw==",
      "optional": true,
      "peer": true,
      "engines": {
        "node": ">=0.12"
      },
      "funding": {
        "url": "https://github.com/fb55/entities?sponsor=1"
      }
    },
    "node_modules/lodash-es": {
      "version": "4.17.21",
      "resolved": "https://registry.npmjs.org/lodash-es/-/lodash-es-4.17.21.tgz",
      "integrity": "sha512-mKnC+QJ9pWVzv+C4/U3rRsHapFfHvQFoFB92e52xeyGMcX6/OlIl78je1u8vePzYZSkkogMPJ2yjxxsb89cxyw==",
      "peer": true
    },
    "node_modules/nanoid": {
      "version": "3.3.6",
      "resolved": "https://registry.npmjs.org/nanoid/-/nanoid-3.3.6.tgz",
      "integrity": "sha512-BGcqMMJuToF7i1rt+2PWSNVnWIkGCU78jBG3RxO/bZlnZPK2Cmi2QaffxGO/2RvWi9sL+FAiRiXMgsyxQ1DIDA==",
      "funding": [
        {
          "type": "github",
          "url": "https://github.com/sponsors/ai"
        }
      ],
      "peer": true,
      "bin": {
        "nanoid": "bin/nanoid.cjs"
      },
      "engines": {
        "node": "^10 || ^12 || ^13.7 || ^14 || >=15.0.1"
      }
    },
    "node_modules/ngx-perfect-scrollbar": {
      "version": "10.1.1",
      "resolved": "https://registry.npmjs.org/ngx-perfect-scrollbar/-/ngx-perfect-scrollbar-10.1.1.tgz",
      "integrity": "sha512-f9IaDJGlBzSxnJ3Ki76n2JdzfQngUFyCf0E+CuVLaR5jL0IJDcTu7vOs8wexXunRMTd8xvIv0+sdIxf8hXAGWg==",
      "deprecated": "Package no longer supported. Contact Support at https://www.npmjs.com/support for more info.",
      "peer": true,
      "dependencies": {
        "perfect-scrollbar": "1.5.0",
        "resize-observer-polyfill": "^1.5.0",
        "tslib": "^2.0.0"
      },
      "peerDependencies": {
        "@angular/common": ">=9.0.0",
        "@angular/core": ">=9.0.0"
      }
    },
    "node_modules/parse5": {
      "version": "7.1.2",
      "resolved": "https://registry.npmjs.org/parse5/-/parse5-7.1.2.tgz",
      "integrity": "sha512-Czj1WaSVpaoj0wbhMzLmWD69anp2WH7FXMB9n1Sy8/ZFF9jolSQVMu1Ij5WIyGmcBmhk7EOndpO4mIpihVqAXw==",
      "optional": true,
      "peer": true,
      "dependencies": {
        "entities": "^4.4.0"
      },
      "funding": {
        "url": "https://github.com/inikulin/parse5?sponsor=1"
      }
    },
    "node_modules/perfect-scrollbar": {
      "version": "1.5.0",
      "resolved": "https://registry.npmjs.org/perfect-scrollbar/-/perfect-scrollbar-1.5.0.tgz",
      "integrity": "sha512-NrNHJn5mUGupSiheBTy6x+6SXCFbLlm8fVZh9moIzw/LgqElN5q4ncR4pbCBCYuCJ8Kcl9mYM0NgDxvW+b4LxA==",
      "peer": true
    },
    "node_modules/picocolors": {
      "version": "1.0.0",
      "resolved": "https://registry.npmjs.org/picocolors/-/picocolors-1.0.0.tgz",
      "integrity": "sha512-1fygroTLlHu66zi26VoTDv8yRgm0Fccecssto+MhsZ0D/DGW2sm8E8AjW7NU5VVTRt5GxbeZ5qBuJr+HyLYkjQ==",
      "peer": true
    },
    "node_modules/postcss": {
      "version": "8.4.31",
      "resolved": "https://registry.npmjs.org/postcss/-/postcss-8.4.31.tgz",
      "integrity": "sha512-PS08Iboia9mts/2ygV3eLpY5ghnUcfLV/EXTOW1E2qYxJKGGBUtNjN76FYHnMs36RmARn41bC0AZmn+rR0OVpQ==",
      "funding": [
        {
          "type": "opencollective",
          "url": "https://opencollective.com/postcss/"
        },
        {
          "type": "tidelift",
          "url": "https://tidelift.com/funding/github/npm/postcss"
        },
        {
          "type": "github",
          "url": "https://github.com/sponsors/ai"
        }
      ],
      "peer": true,
      "dependencies": {
        "nanoid": "^3.3.6",
        "picocolors": "^1.0.0",
        "source-map-js": "^1.0.2"
      },
      "engines": {
        "node": "^10 || ^12 || >=14"
      }
    },
    "node_modules/postcss-combine-duplicated-selectors": {
      "version": "10.0.3",
      "resolved": "https://registry.npmjs.org/postcss-combine-duplicated-selectors/-/postcss-combine-duplicated-selectors-10.0.3.tgz",
      "integrity": "sha512-IP0BmwFloCskv7DV7xqvzDXqMHpwdczJa6ZvIW8abgHdcIHs9mCJX2ltFhu3EwA51ozp13DByng30+Ke+eIExA==",
      "peer": true,
      "dependencies": {
        "postcss-selector-parser": "^6.0.4"
      },
      "engines": {
        "node": "^10.0.0 || ^12.0.0 || >=14.0.0"
      },
      "peerDependencies": {
        "postcss": "^8.1.0"
      }
    },
    "node_modules/postcss-selector-parser": {
      "version": "6.0.13",
      "resolved": "https://registry.npmjs.org/postcss-selector-parser/-/postcss-selector-parser-6.0.13.tgz",
      "integrity": "sha512-EaV1Gl4mUEV4ddhDnv/xtj7sxwrwxdetHdWUGnT4VJQf+4d05v6lHYZr8N573k5Z0BViss7BDhfWtKS3+sfAqQ==",
      "peer": true,
      "dependencies": {
        "cssesc": "^3.0.0",
        "util-deprecate": "^1.0.2"
      },
      "engines": {
        "node": ">=4"
      }
    },
    "node_modules/resize-observer-polyfill": {
      "version": "1.5.1",
      "resolved": "https://registry.npmjs.org/resize-observer-polyfill/-/resize-observer-polyfill-1.5.1.tgz",
      "integrity": "sha512-LwZrotdHOo12nQuZlHEmtuXdqGoOD0OhaxopaNFxWzInpEgaLWoVuAMbTzixuosCx2nEG58ngzW3vxdWoxIgdg==",
      "peer": true
    },
    "node_modules/rxjs": {
      "version": "7.8.1",
      "resolved": "https://registry.npmjs.org/rxjs/-/rxjs-7.8.1.tgz",
      "integrity": "sha512-AA3TVj+0A2iuIoQkWEK/tqFjBq2j+6PO6Y0zJcvzLAFhEFIO3HL0vls9hWLncZbAAbK0mar7oZ4V079I/qPMxg==",
      "peer": true,
      "dependencies": {
        "tslib": "^2.1.0"
      }
    },
    "node_modules/source-map-js": {
      "version": "1.0.2",
      "resolved": "https://registry.npmjs.org/source-map-js/-/source-map-js-1.0.2.tgz",
      "integrity": "sha512-R0XvVJ9WusLiqTCEiGCmICCMplcCkIwwR11mOSD9CR5u+IXYdiseeEuXCVAjS54zqwkLcPNnmU4OeJ6tUrWhDw==",
      "peer": true,
      "engines": {
        "node": ">=0.10.0"
      }
    },
    "node_modules/tslib": {
      "version": "2.6.2",
      "resolved": "https://registry.npmjs.org/tslib/-/tslib-2.6.2.tgz",
      "integrity": "sha512-AEYxH93jGFPn/a2iVAwW87VuUIkR1FVUKB77NwMF7nBTDkDrrT/Hpt/IrCJ0QXhW27jTBDcf5ZY7w6RiqTMw2Q=="
    },
    "node_modules/util-deprecate": {
      "version": "1.0.2",
      "resolved": "https://registry.npmjs.org/util-deprecate/-/util-deprecate-1.0.2.tgz",
      "integrity": "sha512-EPD5q1uXyFxJpCrLnCc1nHnq3gOa6DZBocAIiI2TaSCA7VCJ1UJDMagCzIkXNsUYfD1daK//LTEQ8xiIbrHtcw==",
      "peer": true
    },
    "node_modules/zone.js": {
      "version": "0.13.3",
      "resolved": "https://registry.npmjs.org/zone.js/-/zone.js-0.13.3.tgz",
      "integrity": "sha512-MKPbmZie6fASC/ps4dkmIhaT5eonHkEt6eAy80K42tAm0G2W+AahLJjbfi6X9NPdciOE9GRFTTM8u2IiF6O3ww==",
      "peer": true,
      "dependencies": {
        "tslib": "^2.3.0"
      }
    }
  }
}
